
Microsoft Visual Studio Solution File, Format Version 12.00
# Visual Studio Version 16
VisualStudioVersion = 16.0.28606.126
MinimumVisualStudioVersion = 10.0.40219.1
Project("{2150E333-8FDC-42A3-9474-1A3956D46DE8}") = "src", "src", "{D544447C-D701-46BB-9A5B-C76C612A596B}"
EndProject
Project("{2150E333-8FDC-42A3-9474-1A3956D46DE8}") = "samples", "samples", "{F47D1283-0EE9-4728-8026-58405C29B786}"
EndProject
Project("{2150E333-8FDC-42A3-9474-1A3956D46DE8}") = "test", "test", "{5FC71D6A-A994-4F62-977F-88A7D25379D7}"
EndProject
Project("{9A19103F-16F7-4668-BE54-9A1E7A4F7556}") = "OpenIddict", "src\OpenIddict\OpenIddict.csproj", "{80A8D6CE-C29A-4602-9844-D51FEF9C33C8}"
EndProject
Project("{9A19103F-16F7-4668-BE54-9A1E7A4F7556}") = "Mvc.Client", "samples\Mvc.Client\Mvc.Client.csproj", "{96B22EB9-771A-4DCA-B828-E6EA2774CF1B}"
EndProject
Project("{9A19103F-16F7-4668-BE54-9A1E7A4F7556}") = "Mvc.Server", "samples\Mvc.Server\Mvc.Server.csproj", "{7CBEAFD2-E3D0-4424-9B78-E87AB52327A6}"
EndProject
Project("{9A19103F-16F7-4668-BE54-9A1E7A4F7556}") = "OpenIddict.EntityFrameworkCore", "src\OpenIddict.EntityFrameworkCore\OpenIddict.EntityFrameworkCore.csproj", "{D2450929-ED0E-420D-B475-327924F9701C}"
EndProject
Project("{9A19103F-16F7-4668-BE54-9A1E7A4F7556}") = "OpenIddict.Core", "src\OpenIddict.Core\OpenIddict.Core.csproj", "{E60CF8CA-6313-4359-BE43-AFCBB927EA30}"
EndProject
Project("{9A19103F-16F7-4668-BE54-9A1E7A4F7556}") = "OpenIddict.Core.Tests", "test\OpenIddict.Core.Tests\OpenIddict.Core.Tests.csproj", "{A892B3DE-1A02-48D6-993B-DD3DFCAC84C7}"
EndProject
Project("{9A19103F-16F7-4668-BE54-9A1E7A4F7556}") = "OpenIddict.EntityFrameworkCore.Tests", "test\OpenIddict.EntityFrameworkCore.Tests\OpenIddict.EntityFrameworkCore.Tests.csproj", "{7831F17A-DF0B-42EC-841B-065A9B5BD786}"
EndProject
Project("{9A19103F-16F7-4668-BE54-9A1E7A4F7556}") = "OpenIddict.EntityFramework.Models", "src\OpenIddict.EntityFramework.Models\OpenIddict.EntityFramework.Models.csproj", "{0102A6CC-41A6-4B34-B49E-65AFE95882BB}"
EndProject
Project("{9A19103F-16F7-4668-BE54-9A1E7A4F7556}") = "OpenIddict.EntityFramework", "src\OpenIddict.EntityFramework\OpenIddict.EntityFramework.csproj", "{BF42CC6C-0B56-4F66-9866-18B8393F3C06}"
EndProject
Project("{9A19103F-16F7-4668-BE54-9A1E7A4F7556}") = "OpenIddict.EntityFramework.Tests", "test\OpenIddict.EntityFramework.Tests\OpenIddict.EntityFramework.Tests.csproj", "{96325E37-9897-43AC-8408-7B17F58E8788}"
EndProject
Project("{9A19103F-16F7-4668-BE54-9A1E7A4F7556}") = "OpenIddict.Server", "src\OpenIddict.Server\OpenIddict.Server.csproj", "{21A7F241-CBE7-4F5C-9787-F2C50D135AEA}"
EndProject
Project("{9A19103F-16F7-4668-BE54-9A1E7A4F7556}") = "OpenIddict.Abstractions", "src\OpenIddict.Abstractions\OpenIddict.Abstractions.csproj", "{886A16DA-C9CF-4979-9B38-D06DF8A714B6}"
EndProject
Project("{9A19103F-16F7-4668-BE54-9A1E7A4F7556}") = "OpenIddict.EntityFrameworkCore.Models", "src\OpenIddict.EntityFrameworkCore.Models\OpenIddict.EntityFrameworkCore.Models.csproj", "{B5371534-4C33-41FA-B3D3-7D70D632DB15}"
EndProject
Project("{9A19103F-16F7-4668-BE54-9A1E7A4F7556}") = "OpenIddict.MongoDb", "src\OpenIddict.MongoDb\OpenIddict.MongoDb.csproj", "{BACF1DD4-8390-48D4-BD9B-DA1EC00C1F98}"
EndProject
Project("{9A19103F-16F7-4668-BE54-9A1E7A4F7556}") = "OpenIddict.MongoDb.Models", "src\OpenIddict.MongoDb.Models\OpenIddict.MongoDb.Models.csproj", "{14C55FB6-9626-4BDE-8961-3BE91DDD6418}"
EndProject
Project("{9A19103F-16F7-4668-BE54-9A1E7A4F7556}") = "OpenIddict.Abstractions.Tests", "test\OpenIddict.Abstractions.Tests\OpenIddict.Abstractions.Tests.csproj", "{8FACE85E-EF8F-4AB1-85DD-4010D5E2165D}"
EndProject
Project("{9A19103F-16F7-4668-BE54-9A1E7A4F7556}") = "OpenIddict.MongoDb.Tests", "test\OpenIddict.MongoDb.Tests\OpenIddict.MongoDb.Tests.csproj", "{27F603EF-D335-445B-9443-6B5A6CA3C110}"
EndProject
Project("{2150E333-8FDC-42A3-9474-1A3956D46DE8}") = "shared", "shared", "{D8075F1F-6257-463B-B481-BDC7C5ABA292}"
EndProject
Project("{9A19103F-16F7-4668-BE54-9A1E7A4F7556}") = "OpenIddict.Extensions", "shared\OpenIddict.Extensions\OpenIddict.Extensions.csproj", "{B90761B9-7582-44CB-AB0D-3C4058693227}"
EndProject
Project("{9A19103F-16F7-4668-BE54-9A1E7A4F7556}") = "OpenIddict.Server.AspNetCore", "src\OpenIddict.Server.AspNetCore\OpenIddict.Server.AspNetCore.csproj", "{9C86897B-DB77-4D85-AC74-A6768F97098C}"
EndProject
Project("{9A19103F-16F7-4668-BE54-9A1E7A4F7556}") = "OpenIddict.Server.Owin", "src\OpenIddict.Server.Owin\OpenIddict.Server.Owin.csproj", "{93FFD5DC-EC92-48AD-B638-613205D89BD7}"
EndProject
Project("{9A19103F-16F7-4668-BE54-9A1E7A4F7556}") = "OpenIddict.AspNetCore", "src\OpenIddict.AspNetCore\OpenIddict.AspNetCore.csproj", "{97A59757-A249-4FCF-B042-BF425E117706}"
EndProject
Project("{9A19103F-16F7-4668-BE54-9A1E7A4F7556}") = "OpenIddict.Server.DataProtection", "src\OpenIddict.Server.DataProtection\OpenIddict.Server.DataProtection.csproj", "{1BD05607-C964-477C-A26A-73F01F7BB06E}"
EndProject
Project("{9A19103F-16F7-4668-BE54-9A1E7A4F7556}") = "OpenIddict.Owin", "src\OpenIddict.Owin\OpenIddict.Owin.csproj", "{C3DCEB4E-0980-4C96-8D5E-A4D1970AD4A8}"
EndProject
Project("{2150E333-8FDC-42A3-9474-1A3956D46DE8}") = "eng", "eng", "{6E8E862C-3F26-47D9-9C20-E3E87FD7CDFC}"
	ProjectSection(SolutionItems) = preProject
		eng\CodeAnalysis.ruleset = eng\CodeAnalysis.ruleset
		eng\key.snk = eng\key.snk
		eng\Signing.props = eng\Signing.props
		eng\Version.Details.xml = eng\Version.Details.xml
		eng\Versions.props = eng\Versions.props
	EndProjectSection
EndProject
Project("{2150E333-8FDC-42A3-9474-1A3956D46DE8}") = "root", "root", "{F6F3C8E0-BBD7-41A5-9E20-385DC185DBC0}"
	ProjectSection(SolutionItems) = preProject
		.gitattributes = .gitattributes
		.gitignore = .gitignore
		Build.cmd = Build.cmd
		build.sh = build.sh
		Directory.Build.props = Directory.Build.props
		Directory.Build.targets = Directory.Build.targets
		Directory.Packages.props = Directory.Packages.props
		global.json = global.json
		LICENSE.md = LICENSE.md
		NuGet.config = NuGet.config
		package-icon.png = package-icon.png
		README.md = README.md
	EndProjectSection
EndProject
Project("{9A19103F-16F7-4668-BE54-9A1E7A4F7556}") = "OpenIddict.Validation", "src\OpenIddict.Validation\OpenIddict.Validation.csproj", "{17C10B53-278B-416F-9090-8531179BDF2E}"
EndProject
Project("{9A19103F-16F7-4668-BE54-9A1E7A4F7556}") = "OpenIddict.Validation.AspNetCore", "src\OpenIddict.Validation.AspNetCore\OpenIddict.Validation.AspNetCore.csproj", "{08892053-5CE5-4153-B754-58D067C75028}"
EndProject
Project("{9A19103F-16F7-4668-BE54-9A1E7A4F7556}") = "OpenIddict.Validation.DataProtection", "src\OpenIddict.Validation.DataProtection\OpenIddict.Validation.DataProtection.csproj", "{BD2463CF-7E1C-40AB-A33C-A44E5C9F23DF}"
EndProject
Project("{9A19103F-16F7-4668-BE54-9A1E7A4F7556}") = "OpenIddict.Validation.Owin", "src\OpenIddict.Validation.Owin\OpenIddict.Validation.Owin.csproj", "{B5F6A324-AB31-47EB-BF98-48C7105C4BCE}"
EndProject
Project("{9A19103F-16F7-4668-BE54-9A1E7A4F7556}") = "OpenIddict.Validation.ServerIntegration", "src\OpenIddict.Validation.ServerIntegration\OpenIddict.Validation.ServerIntegration.csproj", "{36FE030D-855F-4971-9E1A-76DACE53D349}"
EndProject
Project("{9A19103F-16F7-4668-BE54-9A1E7A4F7556}") = "OpenIddict.Validation.SystemNetHttp", "src\OpenIddict.Validation.SystemNetHttp\OpenIddict.Validation.SystemNetHttp.csproj", "{AC3F3AFC-0E3A-4D3B-A245-58211AE630E5}"
EndProject
Project("{9A19103F-16F7-4668-BE54-9A1E7A4F7556}") = "OpenIddict.Server.IntegrationTests", "test\OpenIddict.Server.IntegrationTests\OpenIddict.Server.IntegrationTests.csproj", "{0947C388-31DD-45C0-8DD2-61582C648F07}"
EndProject
Project("{9A19103F-16F7-4668-BE54-9A1E7A4F7556}") = "OpenIddict.Server.AspNetCore.IntegrationTests", "test\OpenIddict.Server.AspNetCore.IntegrationTests\OpenIddict.Server.AspNetCore.IntegrationTests.csproj", "{FBFDB9E2-4A44-4B90-B896-E094BFC05C03}"
EndProject
Project("{9A19103F-16F7-4668-BE54-9A1E7A4F7556}") = "OpenIddict.Server.Owin.IntegrationTests", "test\OpenIddict.Server.Owin.IntegrationTests\OpenIddict.Server.Owin.IntegrationTests.csproj", "{E62124D4-3660-4590-B4D1-787168BBBEDD}"
EndProject
Project("{9A19103F-16F7-4668-BE54-9A1E7A4F7556}") = "OpenIddict.Server.Tests", "test\OpenIddict.Server.Tests\OpenIddict.Server.Tests.csproj", "{D94B10D3-3DD3-4829-B305-17C48833AB33}"
EndProject
Project("{2150E333-8FDC-42A3-9474-1A3956D46DE8}") = "workflows", "workflows", "{C5E38924-35AF-48E3-B629-A56BCBC02F04}"
	ProjectSection(SolutionItems) = preProject
		.github\workflows\build.yml = .github\workflows\build.yml
	EndProjectSection
EndProject
Project("{9A19103F-16F7-4668-BE54-9A1E7A4F7556}") = "OpenIddict.Server.Quartz", "src\OpenIddict.Server.Quartz\OpenIddict.Server.Quartz.csproj", "{FD150A90-1997-45C7-9EBE-7C6E62E464E8}"
EndProject
Project("{FAE04EC0-301F-11D3-BF4B-00C04F79EFBC}") = "OpenIddict.Server.Quartz.Tests", "test\OpenIddict.Server.Quartz.Tests\OpenIddict.Server.Quartz.Tests.csproj", "{01420929-33B8-4B60-A618-8C8B5F139630}"
EndProject
Global
	GlobalSection(SolutionConfigurationPlatforms) = preSolution
		Debug|Any CPU = Debug|Any CPU
		Release|Any CPU = Release|Any CPU
	EndGlobalSection
	GlobalSection(ProjectConfigurationPlatforms) = postSolution
		{80A8D6CE-C29A-4602-9844-D51FEF9C33C8}.Debug|Any CPU.ActiveCfg = Debug|Any CPU
		{80A8D6CE-C29A-4602-9844-D51FEF9C33C8}.Debug|Any CPU.Build.0 = Debug|Any CPU
		{80A8D6CE-C29A-4602-9844-D51FEF9C33C8}.Release|Any CPU.ActiveCfg = Release|Any CPU
		{80A8D6CE-C29A-4602-9844-D51FEF9C33C8}.Release|Any CPU.Build.0 = Release|Any CPU
		{96B22EB9-771A-4DCA-B828-E6EA2774CF1B}.Debug|Any CPU.ActiveCfg = Debug|Any CPU
		{96B22EB9-771A-4DCA-B828-E6EA2774CF1B}.Debug|Any CPU.Build.0 = Debug|Any CPU
		{96B22EB9-771A-4DCA-B828-E6EA2774CF1B}.Release|Any CPU.ActiveCfg = Release|Any CPU
		{96B22EB9-771A-4DCA-B828-E6EA2774CF1B}.Release|Any CPU.Build.0 = Release|Any CPU
		{7CBEAFD2-E3D0-4424-9B78-E87AB52327A6}.Debug|Any CPU.ActiveCfg = Debug|Any CPU
		{7CBEAFD2-E3D0-4424-9B78-E87AB52327A6}.Debug|Any CPU.Build.0 = Debug|Any CPU
		{7CBEAFD2-E3D0-4424-9B78-E87AB52327A6}.Release|Any CPU.ActiveCfg = Release|Any CPU
		{7CBEAFD2-E3D0-4424-9B78-E87AB52327A6}.Release|Any CPU.Build.0 = Release|Any CPU
		{D2450929-ED0E-420D-B475-327924F9701C}.Debug|Any CPU.ActiveCfg = Debug|Any CPU
		{D2450929-ED0E-420D-B475-327924F9701C}.Debug|Any CPU.Build.0 = Debug|Any CPU
		{D2450929-ED0E-420D-B475-327924F9701C}.Release|Any CPU.ActiveCfg = Release|Any CPU
		{D2450929-ED0E-420D-B475-327924F9701C}.Release|Any CPU.Build.0 = Release|Any CPU
		{E60CF8CA-6313-4359-BE43-AFCBB927EA30}.Debug|Any CPU.ActiveCfg = Debug|Any CPU
		{E60CF8CA-6313-4359-BE43-AFCBB927EA30}.Debug|Any CPU.Build.0 = Debug|Any CPU
		{E60CF8CA-6313-4359-BE43-AFCBB927EA30}.Release|Any CPU.ActiveCfg = Release|Any CPU
		{E60CF8CA-6313-4359-BE43-AFCBB927EA30}.Release|Any CPU.Build.0 = Release|Any CPU
		{A892B3DE-1A02-48D6-993B-DD3DFCAC84C7}.Debug|Any CPU.ActiveCfg = Debug|Any CPU
		{A892B3DE-1A02-48D6-993B-DD3DFCAC84C7}.Debug|Any CPU.Build.0 = Debug|Any CPU
		{A892B3DE-1A02-48D6-993B-DD3DFCAC84C7}.Release|Any CPU.ActiveCfg = Release|Any CPU
		{A892B3DE-1A02-48D6-993B-DD3DFCAC84C7}.Release|Any CPU.Build.0 = Release|Any CPU
		{7831F17A-DF0B-42EC-841B-065A9B5BD786}.Debug|Any CPU.ActiveCfg = Debug|Any CPU
		{7831F17A-DF0B-42EC-841B-065A9B5BD786}.Debug|Any CPU.Build.0 = Debug|Any CPU
		{7831F17A-DF0B-42EC-841B-065A9B5BD786}.Release|Any CPU.ActiveCfg = Release|Any CPU
		{7831F17A-DF0B-42EC-841B-065A9B5BD786}.Release|Any CPU.Build.0 = Release|Any CPU
		{0102A6CC-41A6-4B34-B49E-65AFE95882BB}.Debug|Any CPU.ActiveCfg = Debug|Any CPU
		{0102A6CC-41A6-4B34-B49E-65AFE95882BB}.Debug|Any CPU.Build.0 = Debug|Any CPU
		{0102A6CC-41A6-4B34-B49E-65AFE95882BB}.Release|Any CPU.ActiveCfg = Release|Any CPU
		{0102A6CC-41A6-4B34-B49E-65AFE95882BB}.Release|Any CPU.Build.0 = Release|Any CPU
		{BF42CC6C-0B56-4F66-9866-18B8393F3C06}.Debug|Any CPU.ActiveCfg = Debug|Any CPU
		{BF42CC6C-0B56-4F66-9866-18B8393F3C06}.Debug|Any CPU.Build.0 = Debug|Any CPU
		{BF42CC6C-0B56-4F66-9866-18B8393F3C06}.Release|Any CPU.ActiveCfg = Release|Any CPU
		{BF42CC6C-0B56-4F66-9866-18B8393F3C06}.Release|Any CPU.Build.0 = Release|Any CPU
		{96325E37-9897-43AC-8408-7B17F58E8788}.Debug|Any CPU.ActiveCfg = Debug|Any CPU
		{96325E37-9897-43AC-8408-7B17F58E8788}.Debug|Any CPU.Build.0 = Debug|Any CPU
		{96325E37-9897-43AC-8408-7B17F58E8788}.Release|Any CPU.ActiveCfg = Release|Any CPU
		{96325E37-9897-43AC-8408-7B17F58E8788}.Release|Any CPU.Build.0 = Release|Any CPU
		{21A7F241-CBE7-4F5C-9787-F2C50D135AEA}.Debug|Any CPU.ActiveCfg = Debug|Any CPU
		{21A7F241-CBE7-4F5C-9787-F2C50D135AEA}.Debug|Any CPU.Build.0 = Debug|Any CPU
		{21A7F241-CBE7-4F5C-9787-F2C50D135AEA}.Release|Any CPU.ActiveCfg = Release|Any CPU
		{21A7F241-CBE7-4F5C-9787-F2C50D135AEA}.Release|Any CPU.Build.0 = Release|Any CPU
		{886A16DA-C9CF-4979-9B38-D06DF8A714B6}.Debug|Any CPU.ActiveCfg = Debug|Any CPU
		{886A16DA-C9CF-4979-9B38-D06DF8A714B6}.Debug|Any CPU.Build.0 = Debug|Any CPU
		{886A16DA-C9CF-4979-9B38-D06DF8A714B6}.Release|Any CPU.ActiveCfg = Release|Any CPU
		{886A16DA-C9CF-4979-9B38-D06DF8A714B6}.Release|Any CPU.Build.0 = Release|Any CPU
		{B5371534-4C33-41FA-B3D3-7D70D632DB15}.Debug|Any CPU.ActiveCfg = Debug|Any CPU
		{B5371534-4C33-41FA-B3D3-7D70D632DB15}.Debug|Any CPU.Build.0 = Debug|Any CPU
		{B5371534-4C33-41FA-B3D3-7D70D632DB15}.Release|Any CPU.ActiveCfg = Release|Any CPU
		{B5371534-4C33-41FA-B3D3-7D70D632DB15}.Release|Any CPU.Build.0 = Release|Any CPU
		{BACF1DD4-8390-48D4-BD9B-DA1EC00C1F98}.Debug|Any CPU.ActiveCfg = Debug|Any CPU
		{BACF1DD4-8390-48D4-BD9B-DA1EC00C1F98}.Debug|Any CPU.Build.0 = Debug|Any CPU
		{BACF1DD4-8390-48D4-BD9B-DA1EC00C1F98}.Release|Any CPU.ActiveCfg = Release|Any CPU
		{BACF1DD4-8390-48D4-BD9B-DA1EC00C1F98}.Release|Any CPU.Build.0 = Release|Any CPU
		{14C55FB6-9626-4BDE-8961-3BE91DDD6418}.Debug|Any CPU.ActiveCfg = Debug|Any CPU
		{14C55FB6-9626-4BDE-8961-3BE91DDD6418}.Debug|Any CPU.Build.0 = Debug|Any CPU
		{14C55FB6-9626-4BDE-8961-3BE91DDD6418}.Release|Any CPU.ActiveCfg = Release|Any CPU
		{14C55FB6-9626-4BDE-8961-3BE91DDD6418}.Release|Any CPU.Build.0 = Release|Any CPU
		{8FACE85E-EF8F-4AB1-85DD-4010D5E2165D}.Debug|Any CPU.ActiveCfg = Debug|Any CPU
		{8FACE85E-EF8F-4AB1-85DD-4010D5E2165D}.Debug|Any CPU.Build.0 = Debug|Any CPU
		{8FACE85E-EF8F-4AB1-85DD-4010D5E2165D}.Release|Any CPU.ActiveCfg = Release|Any CPU
		{8FACE85E-EF8F-4AB1-85DD-4010D5E2165D}.Release|Any CPU.Build.0 = Release|Any CPU
		{27F603EF-D335-445B-9443-6B5A6CA3C110}.Debug|Any CPU.ActiveCfg = Debug|Any CPU
		{27F603EF-D335-445B-9443-6B5A6CA3C110}.Debug|Any CPU.Build.0 = Debug|Any CPU
		{27F603EF-D335-445B-9443-6B5A6CA3C110}.Release|Any CPU.ActiveCfg = Release|Any CPU
		{27F603EF-D335-445B-9443-6B5A6CA3C110}.Release|Any CPU.Build.0 = Release|Any CPU
		{B90761B9-7582-44CB-AB0D-3C4058693227}.Debug|Any CPU.ActiveCfg = Debug|Any CPU
		{B90761B9-7582-44CB-AB0D-3C4058693227}.Debug|Any CPU.Build.0 = Debug|Any CPU
		{B90761B9-7582-44CB-AB0D-3C4058693227}.Release|Any CPU.ActiveCfg = Release|Any CPU
		{B90761B9-7582-44CB-AB0D-3C4058693227}.Release|Any CPU.Build.0 = Release|Any CPU
		{9C86897B-DB77-4D85-AC74-A6768F97098C}.Debug|Any CPU.ActiveCfg = Debug|Any CPU
		{9C86897B-DB77-4D85-AC74-A6768F97098C}.Debug|Any CPU.Build.0 = Debug|Any CPU
		{9C86897B-DB77-4D85-AC74-A6768F97098C}.Release|Any CPU.ActiveCfg = Release|Any CPU
		{9C86897B-DB77-4D85-AC74-A6768F97098C}.Release|Any CPU.Build.0 = Release|Any CPU
		{93FFD5DC-EC92-48AD-B638-613205D89BD7}.Debug|Any CPU.ActiveCfg = Debug|Any CPU
		{93FFD5DC-EC92-48AD-B638-613205D89BD7}.Debug|Any CPU.Build.0 = Debug|Any CPU
		{93FFD5DC-EC92-48AD-B638-613205D89BD7}.Release|Any CPU.ActiveCfg = Release|Any CPU
		{93FFD5DC-EC92-48AD-B638-613205D89BD7}.Release|Any CPU.Build.0 = Release|Any CPU
		{97A59757-A249-4FCF-B042-BF425E117706}.Debug|Any CPU.ActiveCfg = Debug|Any CPU
		{97A59757-A249-4FCF-B042-BF425E117706}.Debug|Any CPU.Build.0 = Debug|Any CPU
		{97A59757-A249-4FCF-B042-BF425E117706}.Release|Any CPU.ActiveCfg = Release|Any CPU
		{97A59757-A249-4FCF-B042-BF425E117706}.Release|Any CPU.Build.0 = Release|Any CPU
		{1BD05607-C964-477C-A26A-73F01F7BB06E}.Debug|Any CPU.ActiveCfg = Debug|Any CPU
		{1BD05607-C964-477C-A26A-73F01F7BB06E}.Debug|Any CPU.Build.0 = Debug|Any CPU
		{1BD05607-C964-477C-A26A-73F01F7BB06E}.Release|Any CPU.ActiveCfg = Release|Any CPU
		{1BD05607-C964-477C-A26A-73F01F7BB06E}.Release|Any CPU.Build.0 = Release|Any CPU
		{C3DCEB4E-0980-4C96-8D5E-A4D1970AD4A8}.Debug|Any CPU.ActiveCfg = Debug|Any CPU
		{C3DCEB4E-0980-4C96-8D5E-A4D1970AD4A8}.Debug|Any CPU.Build.0 = Debug|Any CPU
		{C3DCEB4E-0980-4C96-8D5E-A4D1970AD4A8}.Release|Any CPU.ActiveCfg = Release|Any CPU
		{C3DCEB4E-0980-4C96-8D5E-A4D1970AD4A8}.Release|Any CPU.Build.0 = Release|Any CPU
		{17C10B53-278B-416F-9090-8531179BDF2E}.Debug|Any CPU.ActiveCfg = Debug|Any CPU
		{17C10B53-278B-416F-9090-8531179BDF2E}.Debug|Any CPU.Build.0 = Debug|Any CPU
		{17C10B53-278B-416F-9090-8531179BDF2E}.Release|Any CPU.ActiveCfg = Release|Any CPU
		{17C10B53-278B-416F-9090-8531179BDF2E}.Release|Any CPU.Build.0 = Release|Any CPU
		{08892053-5CE5-4153-B754-58D067C75028}.Debug|Any CPU.ActiveCfg = Debug|Any CPU
		{08892053-5CE5-4153-B754-58D067C75028}.Debug|Any CPU.Build.0 = Debug|Any CPU
		{08892053-5CE5-4153-B754-58D067C75028}.Release|Any CPU.ActiveCfg = Release|Any CPU
		{08892053-5CE5-4153-B754-58D067C75028}.Release|Any CPU.Build.0 = Release|Any CPU
		{BD2463CF-7E1C-40AB-A33C-A44E5C9F23DF}.Debug|Any CPU.ActiveCfg = Debug|Any CPU
		{BD2463CF-7E1C-40AB-A33C-A44E5C9F23DF}.Debug|Any CPU.Build.0 = Debug|Any CPU
		{BD2463CF-7E1C-40AB-A33C-A44E5C9F23DF}.Release|Any CPU.ActiveCfg = Release|Any CPU
		{BD2463CF-7E1C-40AB-A33C-A44E5C9F23DF}.Release|Any CPU.Build.0 = Release|Any CPU
		{B5F6A324-AB31-47EB-BF98-48C7105C4BCE}.Debug|Any CPU.ActiveCfg = Debug|Any CPU
		{B5F6A324-AB31-47EB-BF98-48C7105C4BCE}.Debug|Any CPU.Build.0 = Debug|Any CPU
		{B5F6A324-AB31-47EB-BF98-48C7105C4BCE}.Release|Any CPU.ActiveCfg = Release|Any CPU
		{B5F6A324-AB31-47EB-BF98-48C7105C4BCE}.Release|Any CPU.Build.0 = Release|Any CPU
		{36FE030D-855F-4971-9E1A-76DACE53D349}.Debug|Any CPU.ActiveCfg = Debug|Any CPU
		{36FE030D-855F-4971-9E1A-76DACE53D349}.Debug|Any CPU.Build.0 = Debug|Any CPU
		{36FE030D-855F-4971-9E1A-76DACE53D349}.Release|Any CPU.ActiveCfg = Release|Any CPU
		{36FE030D-855F-4971-9E1A-76DACE53D349}.Release|Any CPU.Build.0 = Release|Any CPU
		{AC3F3AFC-0E3A-4D3B-A245-58211AE630E5}.Debug|Any CPU.ActiveCfg = Debug|Any CPU
		{AC3F3AFC-0E3A-4D3B-A245-58211AE630E5}.Debug|Any CPU.Build.0 = Debug|Any CPU
		{AC3F3AFC-0E3A-4D3B-A245-58211AE630E5}.Release|Any CPU.ActiveCfg = Release|Any CPU
		{AC3F3AFC-0E3A-4D3B-A245-58211AE630E5}.Release|Any CPU.Build.0 = Release|Any CPU
		{0947C388-31DD-45C0-8DD2-61582C648F07}.Debug|Any CPU.ActiveCfg = Debug|Any CPU
		{0947C388-31DD-45C0-8DD2-61582C648F07}.Debug|Any CPU.Build.0 = Debug|Any CPU
		{0947C388-31DD-45C0-8DD2-61582C648F07}.Release|Any CPU.ActiveCfg = Release|Any CPU
		{0947C388-31DD-45C0-8DD2-61582C648F07}.Release|Any CPU.Build.0 = Release|Any CPU
		{FBFDB9E2-4A44-4B90-B896-E094BFC05C03}.Debug|Any CPU.ActiveCfg = Debug|Any CPU
		{FBFDB9E2-4A44-4B90-B896-E094BFC05C03}.Debug|Any CPU.Build.0 = Debug|Any CPU
		{FBFDB9E2-4A44-4B90-B896-E094BFC05C03}.Release|Any CPU.ActiveCfg = Release|Any CPU
		{FBFDB9E2-4A44-4B90-B896-E094BFC05C03}.Release|Any CPU.Build.0 = Release|Any CPU
		{E62124D4-3660-4590-B4D1-787168BBBEDD}.Debug|Any CPU.ActiveCfg = Debug|Any CPU
		{E62124D4-3660-4590-B4D1-787168BBBEDD}.Debug|Any CPU.Build.0 = Debug|Any CPU
		{E62124D4-3660-4590-B4D1-787168BBBEDD}.Release|Any CPU.ActiveCfg = Release|Any CPU
		{E62124D4-3660-4590-B4D1-787168BBBEDD}.Release|Any CPU.Build.0 = Release|Any CPU
		{D94B10D3-3DD3-4829-B305-17C48833AB33}.Debug|Any CPU.ActiveCfg = Debug|Any CPU
		{D94B10D3-3DD3-4829-B305-17C48833AB33}.Debug|Any CPU.Build.0 = Debug|Any CPU
		{D94B10D3-3DD3-4829-B305-17C48833AB33}.Release|Any CPU.ActiveCfg = Release|Any CPU
		{D94B10D3-3DD3-4829-B305-17C48833AB33}.Release|Any CPU.Build.0 = Release|Any CPU
		{FD150A90-1997-45C7-9EBE-7C6E62E464E8}.Debug|Any CPU.ActiveCfg = Debug|Any CPU
		{FD150A90-1997-45C7-9EBE-7C6E62E464E8}.Debug|Any CPU.Build.0 = Debug|Any CPU
		{FD150A90-1997-45C7-9EBE-7C6E62E464E8}.Release|Any CPU.ActiveCfg = Release|Any CPU
		{FD150A90-1997-45C7-9EBE-7C6E62E464E8}.Release|Any CPU.Build.0 = Release|Any CPU
		{01420929-33B8-4B60-A618-8C8B5F139630}.Debug|Any CPU.ActiveCfg = Debug|Any CPU
		{01420929-33B8-4B60-A618-8C8B5F139630}.Debug|Any CPU.Build.0 = Debug|Any CPU
		{01420929-33B8-4B60-A618-8C8B5F139630}.Release|Any CPU.ActiveCfg = Release|Any CPU
		{01420929-33B8-4B60-A618-8C8B5F139630}.Release|Any CPU.Build.0 = Release|Any CPU
	EndGlobalSection
	GlobalSection(SolutionProperties) = preSolution
		HideSolutionNode = FALSE
	EndGlobalSection
	GlobalSection(NestedProjects) = preSolution
		{80A8D6CE-C29A-4602-9844-D51FEF9C33C8} = {D544447C-D701-46BB-9A5B-C76C612A596B}
		{96B22EB9-771A-4DCA-B828-E6EA2774CF1B} = {F47D1283-0EE9-4728-8026-58405C29B786}
		{7CBEAFD2-E3D0-4424-9B78-E87AB52327A6} = {F47D1283-0EE9-4728-8026-58405C29B786}
		{D2450929-ED0E-420D-B475-327924F9701C} = {D544447C-D701-46BB-9A5B-C76C612A596B}
		{E60CF8CA-6313-4359-BE43-AFCBB927EA30} = {D544447C-D701-46BB-9A5B-C76C612A596B}
		{A892B3DE-1A02-48D6-993B-DD3DFCAC84C7} = {5FC71D6A-A994-4F62-977F-88A7D25379D7}
		{7831F17A-DF0B-42EC-841B-065A9B5BD786} = {5FC71D6A-A994-4F62-977F-88A7D25379D7}
		{0102A6CC-41A6-4B34-B49E-65AFE95882BB} = {D544447C-D701-46BB-9A5B-C76C612A596B}
		{BF42CC6C-0B56-4F66-9866-18B8393F3C06} = {D544447C-D701-46BB-9A5B-C76C612A596B}
		{96325E37-9897-43AC-8408-7B17F58E8788} = {5FC71D6A-A994-4F62-977F-88A7D25379D7}
		{21A7F241-CBE7-4F5C-9787-F2C50D135AEA} = {D544447C-D701-46BB-9A5B-C76C612A596B}
		{886A16DA-C9CF-4979-9B38-D06DF8A714B6} = {D544447C-D701-46BB-9A5B-C76C612A596B}
		{B5371534-4C33-41FA-B3D3-7D70D632DB15} = {D544447C-D701-46BB-9A5B-C76C612A596B}
		{BACF1DD4-8390-48D4-BD9B-DA1EC00C1F98} = {D544447C-D701-46BB-9A5B-C76C612A596B}
		{14C55FB6-9626-4BDE-8961-3BE91DDD6418} = {D544447C-D701-46BB-9A5B-C76C612A596B}
		{8FACE85E-EF8F-4AB1-85DD-4010D5E2165D} = {5FC71D6A-A994-4F62-977F-88A7D25379D7}
		{27F603EF-D335-445B-9443-6B5A6CA3C110} = {5FC71D6A-A994-4F62-977F-88A7D25379D7}
		{B90761B9-7582-44CB-AB0D-3C4058693227} = {D8075F1F-6257-463B-B481-BDC7C5ABA292}
		{9C86897B-DB77-4D85-AC74-A6768F97098C} = {D544447C-D701-46BB-9A5B-C76C612A596B}
		{93FFD5DC-EC92-48AD-B638-613205D89BD7} = {D544447C-D701-46BB-9A5B-C76C612A596B}
		{97A59757-A249-4FCF-B042-BF425E117706} = {D544447C-D701-46BB-9A5B-C76C612A596B}
		{1BD05607-C964-477C-A26A-73F01F7BB06E} = {D544447C-D701-46BB-9A5B-C76C612A596B}
		{C3DCEB4E-0980-4C96-8D5E-A4D1970AD4A8} = {D544447C-D701-46BB-9A5B-C76C612A596B}
		{17C10B53-278B-416F-9090-8531179BDF2E} = {D544447C-D701-46BB-9A5B-C76C612A596B}
		{08892053-5CE5-4153-B754-58D067C75028} = {D544447C-D701-46BB-9A5B-C76C612A596B}
		{BD2463CF-7E1C-40AB-A33C-A44E5C9F23DF} = {D544447C-D701-46BB-9A5B-C76C612A596B}
		{B5F6A324-AB31-47EB-BF98-48C7105C4BCE} = {D544447C-D701-46BB-9A5B-C76C612A596B}
		{36FE030D-855F-4971-9E1A-76DACE53D349} = {D544447C-D701-46BB-9A5B-C76C612A596B}
		{AC3F3AFC-0E3A-4D3B-A245-58211AE630E5} = {D544447C-D701-46BB-9A5B-C76C612A596B}
		{0947C388-31DD-45C0-8DD2-61582C648F07} = {5FC71D6A-A994-4F62-977F-88A7D25379D7}
		{FBFDB9E2-4A44-4B90-B896-E094BFC05C03} = {5FC71D6A-A994-4F62-977F-88A7D25379D7}
		{E62124D4-3660-4590-B4D1-787168BBBEDD} = {5FC71D6A-A994-4F62-977F-88A7D25379D7}
		{D94B10D3-3DD3-4829-B305-17C48833AB33} = {5FC71D6A-A994-4F62-977F-88A7D25379D7}
		{FD150A90-1997-45C7-9EBE-7C6E62E464E8} = {D544447C-D701-46BB-9A5B-C76C612A596B}
		{01420929-33B8-4B60-A618-8C8B5F139630} = {5FC71D6A-A994-4F62-977F-88A7D25379D7}
	EndGlobalSection
	GlobalSection(ExtensibilityGlobals) = postSolution
		SolutionGuid = {A710059F-0466-4D48-9B3A-0EF4F840B616}
	EndGlobalSection
EndGlobal
